
Microsoft Visual Studio Solution File, Format Version 12.00
# Visual Studio 15
VisualStudioVersion = 15.0.28307.421
MinimumVisualStudioVersion = 10.0.40219.1
Project("{FAE04EC0-301F-11D3-BF4B-00C04F79EFBC}") = "KafkaLib", "KafkaLib\KafkaLib.csproj", "{C9D417EA-DC4C-4CCC-8835-612DB8E1594F}"
EndProject
Project("{FAE04EC0-301F-11D3-BF4B-00C04F79EFBC}") = "KafkaConsole", "KafkaConsole\KafkaConsole.csproj", "{E8428522-C481-4C70-9DE2-43DE4B1648EE}"
EndProject
Project("{FAE04EC0-301F-11D3-BF4B-00C04F79EFBC}") = "KafkaService", "KafkaService\KafkaService.csproj", "{EFA6F8D1-0DD1-45C6-BD5D-5017AC07B66B}"
EndProject
Project("{FAE04EC0-301F-11D3-BF4B-00C04F79EFBC}") = "KafkaAgent", "KafkaAgent\KafkaAgent.csproj", "{E866268B-C120-430E-BBA9-FE43B53BA798}"
EndProject
Project("{2150E333-8FDC-42A3-9474-1A3956D46DE8}") = "dll", "dll", "{2BABE109-3407-4CF3-B579-6DC9EDA4E32A}"
	ProjectSection(SolutionItems) = preProject
		dll\Microsoft.Exchange.Data.Common.dll = dll\Microsoft.Exchange.Data.Common.dll
		dll\Microsoft.Exchange.Data.Common.xml = dll\Microsoft.Exchange.Data.Common.xml
		dll\Microsoft.Exchange.Data.Transport.dll = dll\Microsoft.Exchange.Data.Transport.dll
		dll\Microsoft.Exchange.Data.Transport.xml = dll\Microsoft.Exchange.Data.Transport.xml
	EndProjectSection
EndProject
Global
	GlobalSection(SolutionConfigurationPlatforms) = preSolution
		Debug|Any CPU = Debug|Any CPU
		Release|Any CPU = Release|Any CPU
	EndGlobalSection
	GlobalSection(ProjectConfigurationPlatforms) = postSolution
		{C9D417EA-DC4C-4CCC-8835-612DB8E1594F}.Debug|Any CPU.ActiveCfg = Debug|Any CPU
		{C9D417EA-DC4C-4CCC-8835-612DB8E1594F}.Debug|Any CPU.Build.0 = Debug|Any CPU
		{C9D417EA-DC4C-4CCC-8835-612DB8E1594F}.Release|Any CPU.ActiveCfg = Release|Any CPU
		{C9D417EA-DC4C-4CCC-8835-612DB8E1594F}.Release|Any CPU.Build.0 = Release|Any CPU
		{E8428522-C481-4C70-9DE2-43DE4B1648EE}.Debug|Any CPU.ActiveCfg = Debug|Any CPU
		{E8428522-C481-4C70-9DE2-43DE4B1648EE}.Debug|Any CPU.Build.0 = Debug|Any CPU
		{E8428522-C481-4C70-9DE2-43DE4B1648EE}.Release|Any CPU.ActiveCfg = Release|Any CPU
		{E8428522-C481-4C70-9DE2-43DE4B1648EE}.Release|Any CPU.Build.0 = Release|Any CPU
		{EFA6F8D1-0DD1-45C6-BD5D-5017AC07B66B}.Debug|Any CPU.ActiveCfg = Debug|Any CPU
		{EFA6F8D1-0DD1-45C6-BD5D-5017AC07B66B}.Debug|Any CPU.Build.0 = Debug|Any CPU
		{EFA6F8D1-0DD1-45C6-BD5D-5017AC07B66B}.Release|Any CPU.ActiveCfg = Release|Any CPU
		{EFA6F8D1-0DD1-45C6-BD5D-5017AC07B66B}.Release|Any CPU.Build.0 = Release|Any CPU
		{E866268B-C120-430E-BBA9-FE43B53BA798}.Debug|Any CPU.ActiveCfg = Debug|Any CPU
		{E866268B-C120-430E-BBA9-FE43B53BA798}.Debug|Any CPU.Build.0 = Debug|Any CPU
		{E866268B-C120-430E-BBA9-FE43B53BA798}.Release|Any CPU.ActiveCfg = Release|Any CPU
		{E866268B-C120-430E-BBA9-FE43B53BA798}.Release|Any CPU.Build.0 = Release|Any CPU
	EndGlobalSection
	GlobalSection(SolutionProperties) = preSolution
		HideSolutionNode = FALSE
	EndGlobalSection
	GlobalSection(ExtensibilityGlobals) = postSolution
		SolutionGuid = {47A20258-F78F-482F-A7F1-9D69A4990A2F}
	EndGlobalSection
EndGlobal
